
Microsoft Visual Studio Solution File, Format Version 12.00
# Visual Studio Version 17
VisualStudioVersion = 17.2.32526.322
MinimumVisualStudioVersion = 10.0.40219.1
Project("{FAE04EC0-301F-11D3-BF4B-00C04F79EFBC}") = "Examen III", "Examen III\Examen III.csproj", "{6806707B-3FA5-461E-99DE-BF833C8FC4EE}"
EndProject
Project("{FAE04EC0-301F-11D3-BF4B-00C04F79EFBC}") = "Entidades", "Entidades\Entidades.csproj", "{C75FA04A-7EA4-4FED-9177-6576AB6CA77F}"
EndProject
Global
	GlobalSection(SolutionConfigurationPlatforms) = preSolution
		Debug|Any CPU = Debug|Any CPU
		Release|Any CPU = Release|Any CPU
	EndGlobalSection
	GlobalSection(ProjectConfigurationPlatforms) = postSolution
		{6806707B-3FA5-461E-99DE-BF833C8FC4EE}.Debug|Any CPU.ActiveCfg = Debug|Any CPU
		{6806707B-3FA5-461E-99DE-BF833C8FC4EE}.Debug|Any CPU.Build.0 = Debug|Any CPU
		{6806707B-3FA5-461E-99DE-BF833C8FC4EE}.Release|Any CPU.ActiveCfg = Release|Any CPU
		{6806707B-3FA5-461E-99DE-BF833C8FC4EE}.Release|Any CPU.Build.0 = Release|Any CPU
		{C75FA04A-7EA4-4FED-9177-6576AB6CA77F}.Debug|Any CPU.ActiveCfg = Debug|Any CPU
		{C75FA04A-7EA4-4FED-9177-6576AB6CA77F}.Debug|Any CPU.Build.0 = Debug|Any CPU
		{C75FA04A-7EA4-4FED-9177-6576AB6CA77F}.Release|Any CPU.ActiveCfg = Release|Any CPU
		{C75FA04A-7EA4-4FED-9177-6576AB6CA77F}.Release|Any CPU.Build.0 = Release|Any CPU
	EndGlobalSection
	GlobalSection(SolutionProperties) = preSolution
		HideSolutionNode = FALSE
	EndGlobalSection
	GlobalSection(ExtensibilityGlobals) = postSolution
		SolutionGuid = {FC6EC02C-B836-489E-9E5D-AD694682C8D9}
	EndGlobalSection
EndGlobal
